
Microsoft Visual Studio Solution File, Format Version 12.00
# Visual Studio 2013
VisualStudioVersion = 12.0.30723.0
MinimumVisualStudioVersion = 10.0.40219.1
Project("{FAE04EC0-301F-11D3-BF4B-00C04F79EFBC}") = "Doraemon", "Sanrabbit.Doraemon\Doraemon.csproj", "{56853058-2064-4F90-9508-65915A605DF6}"
EndProject
Project("{FAE04EC0-301F-11D3-BF4B-00C04F79EFBC}") = "Doraemon.Test", "Sanrabbit.Doraemon.Test\Doraemon.Test.csproj", "{51A3E572-4597-4097-9F33-94BE6D526E90}"
EndProject
Global
	GlobalSection(SolutionConfigurationPlatforms) = preSolution
		Debug|Any CPU = Debug|Any CPU
		Release|Any CPU = Release|Any CPU
	EndGlobalSection
	GlobalSection(ProjectConfigurationPlatforms) = postSolution
		{56853058-2064-4F90-9508-65915A605DF6}.Debug|Any CPU.ActiveCfg = Debug|Any CPU
		{56853058-2064-4F90-9508-65915A605DF6}.Debug|Any CPU.Build.0 = Debug|Any CPU
		{56853058-2064-4F90-9508-65915A605DF6}.Release|Any CPU.ActiveCfg = Release|Any CPU
		{56853058-2064-4F90-9508-65915A605DF6}.Release|Any CPU.Build.0 = Release|Any CPU
		{51A3E572-4597-4097-9F33-94BE6D526E90}.Debug|Any CPU.ActiveCfg = Debug|Any CPU
		{51A3E572-4597-4097-9F33-94BE6D526E90}.Debug|Any CPU.Build.0 = Debug|Any CPU
		{51A3E572-4597-4097-9F33-94BE6D526E90}.Release|Any CPU.ActiveCfg = Release|Any CPU
		{51A3E572-4597-4097-9F33-94BE6D526E90}.Release|Any CPU.Build.0 = Release|Any CPU
	EndGlobalSection
	GlobalSection(SolutionProperties) = preSolution
		HideSolutionNode = FALSE
	EndGlobalSection
EndGlobal
